
Microsoft Visual Studio Solution File, Format Version 12.00
# Visual Studio 14
VisualStudioVersion = 14.0.25123.0
MinimumVisualStudioVersion = 10.0.40219.1
Project("{FAE04EC0-301F-11D3-BF4B-00C04F79EFBC}") = "WhiteboardApp", "PostIt_Prototype_1\WhiteboardApp.csproj", "{641900DD-8414-4C6C-90FD-54FCF76B2988}"
	ProjectSection(ProjectDependencies) = postProject
		{A94FB708-4B34-4CEE-951A-480019B43EF2} = {A94FB708-4B34-4CEE-951A-480019B43EF2}
	EndProjectSection
EndProject
Project("{FAE04EC0-301F-11D3-BF4B-00C04F79EFBC}") = "GenericIdeationObjects", "GenericIdeationObjects\GenericIdeationObjects.csproj", "{A94FB708-4B34-4CEE-951A-480019B43EF2}"
EndProject
Project("{FAE04EC0-301F-11D3-BF4B-00C04F79EFBC}") = "UnitTests", "UnitTests\UnitTests.csproj", "{04F3A298-47BE-458A-ABA8-30C45662A59E}"
EndProject
Project("{2150E333-8FDC-42A3-9474-1A3956D46DE8}") = "nodeServer", "nodeServer", "{D24CE8A2-A400-45B1-8EE8-81B750A648C4}"
	ProjectSection(SolutionItems) = preProject
		..\webserver\.eslintrc.json = ..\webserver\.eslintrc.json
		..\webserver\.gitignore = ..\webserver\.gitignore
		..\webserver\batchDownloader.js = ..\webserver\batchDownloader.js
		..\webserver\dbActions.js = ..\webserver\dbActions.js
		..\webserver\metaplan.js = ..\webserver\metaplan.js
		..\webserver\package.json = ..\webserver\package.json
		..\webserver\restfulMongo.js = ..\webserver\restfulMongo.js
		..\webserver\server.js = ..\webserver\server.js
		..\webserver\testapi.js = ..\webserver\testapi.js
	EndProjectSection
EndProject
Global
	GlobalSection(SolutionConfigurationPlatforms) = preSolution
		Debug|Any CPU = Debug|Any CPU
		Debug|x64 = Debug|x64
		Release|Any CPU = Release|Any CPU
		Release|x64 = Release|x64
	EndGlobalSection
	GlobalSection(ProjectConfigurationPlatforms) = postSolution
		{641900DD-8414-4C6C-90FD-54FCF76B2988}.Debug|Any CPU.ActiveCfg = Debug|x64
		{641900DD-8414-4C6C-90FD-54FCF76B2988}.Debug|Any CPU.Build.0 = Debug|x64
		{641900DD-8414-4C6C-90FD-54FCF76B2988}.Debug|x64.ActiveCfg = Release|x64
		{641900DD-8414-4C6C-90FD-54FCF76B2988}.Debug|x64.Build.0 = Release|x64
		{641900DD-8414-4C6C-90FD-54FCF76B2988}.Release|Any CPU.ActiveCfg = Release|Any CPU
		{641900DD-8414-4C6C-90FD-54FCF76B2988}.Release|Any CPU.Build.0 = Release|Any CPU
		{641900DD-8414-4C6C-90FD-54FCF76B2988}.Release|x64.ActiveCfg = Release|Any CPU
		{A94FB708-4B34-4CEE-951A-480019B43EF2}.Debug|Any CPU.ActiveCfg = Debug|x64
		{A94FB708-4B34-4CEE-951A-480019B43EF2}.Debug|Any CPU.Build.0 = Debug|x64
		{A94FB708-4B34-4CEE-951A-480019B43EF2}.Debug|x64.ActiveCfg = Release|x64
		{A94FB708-4B34-4CEE-951A-480019B43EF2}.Debug|x64.Build.0 = Release|x64
		{A94FB708-4B34-4CEE-951A-480019B43EF2}.Release|Any CPU.ActiveCfg = Release|Any CPU
		{A94FB708-4B34-4CEE-951A-480019B43EF2}.Release|Any CPU.Build.0 = Release|Any CPU
		{A94FB708-4B34-4CEE-951A-480019B43EF2}.Release|x64.ActiveCfg = Release|x64
		{A94FB708-4B34-4CEE-951A-480019B43EF2}.Release|x64.Build.0 = Release|x64
		{04F3A298-47BE-458A-ABA8-30C45662A59E}.Debug|Any CPU.ActiveCfg = Debug|Any CPU
		{04F3A298-47BE-458A-ABA8-30C45662A59E}.Debug|Any CPU.Build.0 = Debug|Any CPU
		{04F3A298-47BE-458A-ABA8-30C45662A59E}.Debug|x64.ActiveCfg = Debug|Any CPU
		{04F3A298-47BE-458A-ABA8-30C45662A59E}.Debug|x64.Build.0 = Debug|Any CPU
		{04F3A298-47BE-458A-ABA8-30C45662A59E}.Release|Any CPU.ActiveCfg = Release|Any CPU
		{04F3A298-47BE-458A-ABA8-30C45662A59E}.Release|Any CPU.Build.0 = Release|Any CPU
		{04F3A298-47BE-458A-ABA8-30C45662A59E}.Release|x64.ActiveCfg = Release|Any CPU
		{04F3A298-47BE-458A-ABA8-30C45662A59E}.Release|x64.Build.0 = Release|Any CPU
	EndGlobalSection
	GlobalSection(SolutionProperties) = preSolution
		HideSolutionNode = FALSE
	EndGlobalSection
EndGlobal
